
Microsoft Visual Studio Solution File, Format Version 12.00
# Visual Studio Version 17
VisualStudioVersion = 17.5.33414.496
MinimumVisualStudioVersion = 10.0.40219.1
Project("{FAE04EC0-301F-11D3-BF4B-00C04F79EFBC}") = "PasswordGenerator", "PasswordGenerator.csproj", "{316AB3E5-542B-46E0-B389-E4255D1053F3}"
EndProject
Global
	GlobalSection(SolutionConfigurationPlatforms) = preSolution
		Debug|Any CPU = Debug|Any CPU
		Release|Any CPU = Release|Any CPU
	EndGlobalSection
	GlobalSection(ProjectConfigurationPlatforms) = postSolution
		{316AB3E5-542B-46E0-B389-E4255D1053F3}.Debug|Any CPU.ActiveCfg = Debug|Any CPU
		{316AB3E5-542B-46E0-B389-E4255D1053F3}.Debug|Any CPU.Build.0 = Debug|Any CPU
		{316AB3E5-542B-46E0-B389-E4255D1053F3}.Release|Any CPU.ActiveCfg = Release|Any CPU
		{316AB3E5-542B-46E0-B389-E4255D1053F3}.Release|Any CPU.Build.0 = Release|Any CPU
	EndGlobalSection
	GlobalSection(SolutionProperties) = preSolution
		HideSolutionNode = FALSE
	EndGlobalSection
	GlobalSection(ExtensibilityGlobals) = postSolution
		SolutionGuid = {CBF87EEB-9F1F-46DA-82FC-3BB55C37AFED}
	EndGlobalSection
EndGlobal
